
Microsoft Visual Studio Solution File, Format Version 12.00
# Visual Studio Version 17
VisualStudioVersion = 17.4.33213.308
MinimumVisualStudioVersion = 10.0.40219.1
Project("{FAE04EC0-301F-11D3-BF4B-00C04F79EFBC}") = "DvD", "DvD\DvD.csproj", "{3A5DF5BE-074C-4DB1-9D88-470E16704506}"
EndProject
Global
	GlobalSection(SolutionConfigurationPlatforms) = preSolution
		Debug|Any CPU = Debug|Any CPU
		Release|Any CPU = Release|Any CPU
	EndGlobalSection
	GlobalSection(ProjectConfigurationPlatforms) = postSolution
		{3A5DF5BE-074C-4DB1-9D88-470E16704506}.Debug|Any CPU.ActiveCfg = Debug|Any CPU
		{3A5DF5BE-074C-4DB1-9D88-470E16704506}.Debug|Any CPU.Build.0 = Debug|Any CPU
		{3A5DF5BE-074C-4DB1-9D88-470E16704506}.Release|Any CPU.ActiveCfg = Release|Any CPU
		{3A5DF5BE-074C-4DB1-9D88-470E16704506}.Release|Any CPU.Build.0 = Release|Any CPU
	EndGlobalSection
	GlobalSection(SolutionProperties) = preSolution
		HideSolutionNode = FALSE
	EndGlobalSection
	GlobalSection(ExtensibilityGlobals) = postSolution
		SolutionGuid = {8F668B57-F9A0-4482-B3B1-8DD2F24534E5}
	EndGlobalSection
EndGlobal
